
Microsoft Visual Studio Solution File, Format Version 12.00
# Visual Studio 15
VisualStudioVersion = 15.0.27617.1
MinimumVisualStudioVersion = 10.0.40219.1
Project("{FAE04EC0-301F-11D3-BF4B-00C04F79EFBC}") = "WebApplication1.Server", "WebApplication1\WebApplication1.Server\WebApplication1.Server.csproj", "{07FE05C0-6B53-4F9B-9BF7-52BCF66AB73B}"
EndProject
Project("{FAE04EC0-301F-11D3-BF4B-00C04F79EFBC}") = "WebApplication1.Client", "WebApplication1\WebApplication1.Client\WebApplication1.Client.csproj", "{29CF5923-6643-4392-BDAC-C9CC866DBF38}"
EndProject
Project("{FAE04EC0-301F-11D3-BF4B-00C04F79EFBC}") = "WebApplication1.Shared", "WebApplication1\WebApplication1.Shared\WebApplication1.Shared.csproj", "{AC6B986F-7155-42F6-90F1-55A112AC0283}"
EndProject
Global
	GlobalSection(SolutionConfigurationPlatforms) = preSolution
		Debug|Any CPU = Debug|Any CPU
		Release|Any CPU = Release|Any CPU
	EndGlobalSection
	GlobalSection(ProjectConfigurationPlatforms) = postSolution
		{07FE05C0-6B53-4F9B-9BF7-52BCF66AB73B}.Debug|Any CPU.ActiveCfg = Debug|Any CPU
		{07FE05C0-6B53-4F9B-9BF7-52BCF66AB73B}.Debug|Any CPU.Build.0 = Debug|Any CPU
		{07FE05C0-6B53-4F9B-9BF7-52BCF66AB73B}.Release|Any CPU.ActiveCfg = Release|Any CPU
		{07FE05C0-6B53-4F9B-9BF7-52BCF66AB73B}.Release|Any CPU.Build.0 = Release|Any CPU
		{29CF5923-6643-4392-BDAC-C9CC866DBF38}.Debug|Any CPU.ActiveCfg = Debug|Any CPU
		{29CF5923-6643-4392-BDAC-C9CC866DBF38}.Debug|Any CPU.Build.0 = Debug|Any CPU
		{29CF5923-6643-4392-BDAC-C9CC866DBF38}.Release|Any CPU.ActiveCfg = Release|Any CPU
		{29CF5923-6643-4392-BDAC-C9CC866DBF38}.Release|Any CPU.Build.0 = Release|Any CPU
		{AC6B986F-7155-42F6-90F1-55A112AC0283}.Debug|Any CPU.ActiveCfg = Debug|Any CPU
		{AC6B986F-7155-42F6-90F1-55A112AC0283}.Debug|Any CPU.Build.0 = Debug|Any CPU
		{AC6B986F-7155-42F6-90F1-55A112AC0283}.Release|Any CPU.ActiveCfg = Release|Any CPU
		{AC6B986F-7155-42F6-90F1-55A112AC0283}.Release|Any CPU.Build.0 = Release|Any CPU
	EndGlobalSection
	GlobalSection(SolutionProperties) = preSolution
		HideSolutionNode = FALSE
	EndGlobalSection
	GlobalSection(ExtensibilityGlobals) = postSolution
		SolutionGuid = {5A9214E3-C8D5-4594-A9D2-439BA3D08300}
	EndGlobalSection
EndGlobal
